version = 1
revision = 3
requires-python = ">=3.11"
resolution-markers = [
    "python_full_version >= '3.12' and extra != 'group-20-django-query-counter-django52' and extra != 'group-20-django-query-counter-django60' and extra == 'group-20-django-query-counter-django61'",
    "python_full_version < '3.12' and extra != 'group-20-django-query-counter-django52' and extra != 'group-20-django-query-counter-django60' and extra == 'group-20-django-query-counter-django61'",
    "python_full_version >= '3.12' and extra != 'group-20-django-query-counter-django52' and extra == 'group-20-django-query-counter-django60' and extra != 'group-20-django-query-counter-django61'",
    "python_full_version < '3.12' and extra != 'group-20-django-query-counter-django52' and extra == 'group-20-django-query-counter-django60' and extra != 'group-20-django-query-counter-django61'",
    "extra == 'group-20-django-query-counter-django52' and extra != 'group-20-django-query-counter-django60' and extra != 'group-20-django-query-counter-django61'",
    "python_full_version >= '3.12' and extra != 'group-20-django-query-counter-django52' and extra != 'group-20-django-query-counter-django60' and extra != 'group-20-django-query-counter-django61'",
    "python_full_version < '3.12' and extra != 'group-20-django-query-counter-django52' and extra != 'group-20-django-query-counter-django60' and extra != 'group-20-django-query-counter-django61'",
]
conflicts = [[
    { package = "django-query-counter", group = "django52" },
    { package = "django-query-counter", group = "django60" },
    { package = "django-query-counter", group = "django61" },
]]

[[package]]
name = "asgiref"
version = "3.12.1"
source = { registry = "https://pypi.org/simple" }
sdist = { url = "https://files.pythonhosted.org/packages/e6/26/3b59f2bdae5f640389becb1f673cded775287f5fc4f816309d9ca9a3f93d/asgiref-3.12.1.tar.gz", hash = "sha256:59dcb51c272ad209d59bed5708a64a333083e86017d7fcdd67498eeab7784340", size = 42378, upload-time = "2026-07-14T09:56:18.087Z" }
wheels = [
    { url = "https://files.pythonhosted.org/packages/c0/1b/54f4ad77cd8a584fa70746c47df988e002cf1ee1eba43364d46f87803647/asgiref-3.12.1-py3-none-any.whl", hash = "sha256:fe386d1c2bff7259ea95929266d12a8cf9a8b5a1c2598402967d8792e7a7c094", size = 25478, upload-time = "2026-07-14T09:56:16.926Z" },
]

[[package]]
name = "cachetools"
version = "7.2.0"
source = { registry = "https://pypi.org/simple" }
sdist = { url = "https://files.pythonhosted.org/packages/29/2c/3f18755527b03ca9ff6be724bd5370cb777c76a87f17301377cf04a4729b/cachetools-7.2.0.tar.gz", hash = "sha256:bcac1a1b8da6909994a2957238a57b8140dab7c5c5c69a43669654fe87a33c1d", size = 41129, upload-time = "2026-09-16T20:48:27.209Z" }
wheels = [
    { url = "https://files.pythonhosted.org/packages/cc/bb/1c6e7a89b11da19f137e4ef5a5c5fe47a5bb686449ba343944ccf8fb34b2/cachetools-7.2.0-py3-none-any.whl", hash = "sha256:3045213f186b89fdd95d94441354c4bd87c570b7a38d8c3fd1d9dd37f6dc90d8", size = 16918, upload-time = "2026-09-16T20:48:25.575Z" },
]

[[package]]
name = "colorama"
version = "0.4.6"
source = { registry = "https://pypi.org/simple" }
sdist = { url = "https://files.pythonhosted.org/packages/d8/53/6f443c9a4a8358a93a6792e2acffb9d9d5cb0a5cfd8802644b7b1c9a02e4/colorama-0.4.6.tar.gz", hash = "sha256:08695f5cb7ed6e0531a20572697297273c47b8cae5a63ffc6d6ed5c201be6e44", size = 27697, upload-time = "2022-10-25T02:36:22.414Z" }
wheels = [
    { url = "https://files.pythonhosted.org/packages/d1/d6/3965ed04c63042e047cb6a3e6ed1a63a35087b6a609aa3a15ed8ac56c221/colorama-0.4.6-py2.py3-none-any.whl", hash = "sha256:4f1d9991f5acc0ca119f9d443620b77f9d6b33703e51011c16baf57afb285fc6", size = 25335, upload-time = "2022-10-25T02:36:20.889Z" },
]

[[package]]
name = "distlib"
version = "0.4.3"
source = { registry = "https://pypi.org/simple" }
sdist = { url = "https://files.pythonhosted.org/packages/c9/02/bd72be9134d25ed783ecbbc38a539ffaefbf90c78418c7fb7229600dbac7/distlib-0.4.3.tar.gz", hash = "sha256:f152097224a0ae24be5a0f6bae1b9359af82133bce63f98a95f86cae1aede9ed", size = 615141, upload-time = "2026-06-12T08:04:52.847Z" }
wheels = [
    { url = "https://files.pythonhosted.org/packages/02/08/9c41fb51ab5b43eb21674aff13df270e8ba6c4b29c8624e328dc7a9482af/distlib-0.4.3-py2.py3-none-any.whl", hash = "sha256:4b0ce306c966eb73bc3a7b6abad017c556dadd92c44701562cd528ac7fde4d5b", size = 470628, upload-time = "2026-06-12T08:04:50.506Z" },
]

[[package]]
name = "django"
version = "5.2.17"
source = { registry = "https://pypi.org/simple" }
resolution-markers = [
    "python_full_version < '3.12' and extra != 'group-20-django-query-counter-django52' and extra != 'group-20-django-query-counter-django60' and extra == 'group-20-django-query-counter-django61'",
    "python_full_version < '3.12' and extra != 'group-20-django-query-counter-django52' and extra == 'group-20-django-query-counter-django60' and extra != 'group-20-django-query-counter-django61'",
    "extra == 'group-20-django-query-counter-django52' and extra != 'group-20-django-query-counter-django60' and extra != 'group-20-django-query-counter-django61'",
    "python_full_version < '3.12' and extra != 'group-20-django-query-counter-django52' and extra != 'group-20-django-query-counter-django60' and extra != 'group-20-django-query-counter-django61'",
]
dependencies = [
    { name = "asgiref", marker = "python_full_version < '3.12' or extra == 'group-20-django-query-counter-django52' or (extra == 'group-20-django-query-counter-django60' and extra == 'group-20-django-query-counter-django61')" },
    { name = "sqlparse", marker = "python_full_version < '3.12' or extra == 'group-20-django-query-counter-django52' or (extra == 'group-20-django-query-counter-django60' and extra == 'group-20-django-query-counter-django61')" },
    { name = "tzdata", marker = "(python_full_version < '3.12' and sys_platform == 'win32') or (python_full_version >= '3.12' and extra != 'group-20-django-query-counter-django52' and extra == 'group-20-django-query-counter-django60' and extra == 'group-20-django-query-counter-django61') or (sys_platform == 'win32' and extra == 'group-20-django-query-counter-django52') or (sys_platform != 'win32' and extra == 'group-20-django-query-counter-django52' and extra == 'group-20-django-query-counter-django60') or (sys_platform != 'win32' and extra == 'group-20-django-query-counter-django52' and extra == 'group-20-django-query-counter-django61') or (sys_platform != 'win32' and extra == 'group-20-django-query-counter-django60' and extra == 'group-20-django-query-counter-django61')" },
]
sdist = { url = "https://files.pythonhosted.org/packages/d5/d8/43e9d000519adceb189620b6869ff88031e046df91c2e9da72f8f6918399/django-5.2.17.tar.gz", hash = "sha256:9d4d93be539a18ab80d058eb515900e10951e04c537c5a6b394fc49528d3251f", size = 10889740, upload-time = "2026-08-04T15:04:03.173Z" }
wheels = [
    { url = "https://files.pythonhosted.org/packages/df/f8/ce120525ca78f12b07daf65786679c5d0b54a75285a8958d3ae55e39da35/django-5.2.17-py3-none-any.whl", hash = "sha256:f04fb3b36ee119e1af4fa1d397d5fd6cf12700f49321e84d4f4c642c5b1973db", size = 8315563, upload-time = "2026-08-04T15:03:59.1Z" },
]

[[package]]
name = "django"
version = "6.0.8"
source = { registry = "https://pypi.org/simple" }
resolution-markers = [
    "python_full_version >= '3.12'",
]
dependencies = [
    { name = "asgiref", marker = "(python_full_version >= '3.12' and extra == 'group-20-django-query-counter-django60') or (extra == 'group-20-django-query-counter-django60' and extra == 'group-20-django-query-counter-django61') or (extra == 'group-20-django-query-counter-django52' and extra == 'group-20-django-query-counter-django60') or (extra == 'group-20-django-query-counter-django52' and extra == 'group-20-django-query-counter-django61')" },
    { name = "sqlparse", marker = "(python_full_version >= '3.12' and extra == 'group-20-django-query-counter-django60') or (extra == 'group-20-django-query-counter-django60' and extra == 'group-20-django-query-counter-django61') or (extra == 'group-20-django-query-counter-django52' and extra == 'group-20-django-query-counter-django60') or (extra == 'group-20-django-query-counter-django52' and extra == 'group-20-django-query-counter-django61')" },
    { name = "tzdata", marker = "(python_full_version >= '3.12' and sys_platform == 'win32' and extra == 'group-20-django-query-counter-django60') or (python_full_version < '3.12' and extra == 'group-20-django-query-counter-django60' and extra == 'group-20-django-query-counter-django61') or (sys_platform != 'win32' and extra == 'group-20-django-query-counter-django60' and extra == 'group-20-django-query-counter-django61') or (extra == 'group-20-django-query-counter-django52' and extra == 'group-20-django-query-counter-django60') or (extra == 'group-20-django-query-counter-django52' and extra == 'group-20-django-query-counter-django61')" },
]
sdist = { url = "https://files.pythonhosted.org/packages/3c/28/5fee292e588dbdb782582436d1eb62ac8809ec55b98ef27f5b9676a00e9a/django-6.0.8.tar.gz", hash = "sha256:cb0bd962d27fc866f3c514b20aae6a7df56ec80b488f9899da46d675cd051526", size = 10924565, upload-time = "2026-08-04T15:03:39.469Z" }
wheels = [
    { url = "https://files.pythonhosted.org/packages/2e/b4/23e74d261eebfa9c8baed5e8810f09858b9afd613d1037f42ff7aa95c87f/django-6.0.8-py3-none-any.whl", hash = "sha256:9b98b7e1902e0e575ea4f42c175fc9512784f7f2580898286aee3388b322219d", size = 8376956, upload-time = "2026-08-04T15:03:35.138Z" },
]

[[package]]
name = "django"
version = "6.1.1"
source = { registry = "https://pypi.org/simple" }
resolution-markers = [
    "python_full_version >= '3.12'",
]
dependencies = [
    { name = "asgiref", marker = "(python_full_version >= '3.12' and extra != 'group-20-django-query-counter-django52' and extra != 'group-20-django-query-counter-django60') or (extra == 'group-20-django-query-counter-django52' and extra == 'group-20-django-query-counter-django60') or (extra == 'group-20-django-query-counter-django52' and extra == 'group-20-django-query-counter-django61') or (extra == 'group-20-django-query-counter-django60' and extra == 'group-20-django-query-counter-django61')" },
    { name = "sqlparse", marker = "(python_full_version >= '3.12' and extra != 'group-20-django-query-counter-django52' and extra != 'group-20-django-query-counter-django60') or (extra == 'group-20-django-query-counter-django52' and extra == 'group-20-django-query-counter-django60') or (extra == 'group-20-django-query-counter-django52' and extra == 'group-20-django-query-counter-django61') or (extra == 'group-20-django-query-counter-django60' and extra == 'group-20-django-query-counter-django61')" },
    { name = "tzdata", marker = "(python_full_version >= '3.12' and sys_platform == 'win32' and extra != 'group-20-django-query-counter-django52' and extra != 'group-20-django-query-counter-django60') or (extra == 'group-20-django-query-counter-django52' and extra == 'group-20-django-query-counter-django60') or (extra == 'group-20-django-query-counter-django52' and extra == 'group-20-django-query-counter-django61') or (extra == 'group-20-django-query-counter-django60' and extra == 'group-20-django-query-counter-django61')" },
]
sdist = { url = "https://files.pythonhosted.org/packages/f8/d4/8314b5bdef20832f0ac6ae3b3e4d4924e4759fa3b4af27609dd747e7a6be/django-6.1.1.tar.gz", hash = "sha256:7ab93536d8e677aa14554c56426290c69480bf2ee68d7513d4a22f57d6bfeb84", size = 11284905, upload-time = "2026-09-02T17:20:45.621Z" }
wheels = [
    { url = "https://files.pythonhosted.org/packages/8d/ca/c1040a4fd15754ede7df15fd72fc2e123045b473b253ab5f5284e11c651e/django-6.1.1-py3-none-any.whl", hash = "sha256:585fb82bf15053c42cf52e67c2f1b54a032dca384759315fd6678ab1870d1d72", size = 8419512, upload-time = "2026-09-02T17:20:39.153Z" },
]

[[package]]
name = "django-query-counter"
version = "0.7.0"
source = { editable = "." }
dependencies = [
    { name = "tabulate" },
]

[package.dev-dependencies]
dev = [
    { name = "django", version = "5.2.17", source = { registry = "https://pypi.org/simple" }, marker = "python_full_version < '3.12' or extra == 'group-20-django-query-counter-django52' or (extra == 'group-20-django-query-counter-django60' and extra == 'group-20-django-query-counter-django61')" },
    { name = "django", version = "6.0.8", source = { registry = "https://pypi.org/simple" }, marker = "(python_full_version >= '3.12' and extra == 'group-20-django-query-counter-django60') or (extra == 'group-20-django-query-counter-django60' and extra == 'group-20-django-query-counter-django61') or (extra == 'group-20-django-query-counter-django52' and extra == 'group-20-django-query-counter-django60') or (extra == 'group-20-django-query-counter-django52' and extra == 'group-20-django-query-counter-django61')" },
    { name = "django", version = "6.1.1", source = { registry = "https://pypi.org/simple" }, marker = "(python_full_version >= '3.12' and extra != 'group-20-django-query-counter-django52' and extra != 'group-20-django-query-counter-django60') or (extra == 'group-20-django-query-counter-django52' and extra == 'group-20-django-query-counter-django60') or (extra == 'group-20-django-query-counter-django52' and extra == 'group-20-django-query-counter-django61') or (extra == 'group-20-django-query-counter-django60' and extra == 'group-20-django-query-counter-django61')" },
    { name = "pytest" },
    { name = "pytest-django" },
    { name = "ruff" },
    { name = "tox" },
    { name = "tox-uv" },
]
django52 = [
    { name = "django", version = "5.2.17", source = { registry = "https://pypi.org/simple" } },
]
django60 = [
    { name = "django", version = "6.0.8", source = { registry = "https://pypi.org/simple" }, marker = "python_full_version >= '3.12'" },
]
django61 = [
    { name = "django", version = "6.1.1", source = { registry = "https://pypi.org/simple" }, marker = "python_full_version >= '3.12'" },
]
test = [
    { name = "django", version = "5.2.17", source = { registry = "https://pypi.org/simple" }, marker = "python_full_version < '3.12' or extra == 'group-20-django-query-counter-django52' or (extra == 'group-20-django-query-counter-django60' and extra == 'group-20-django-query-counter-django61')" },
    { name = "django", version = "6.0.8", source = { registry = "https://pypi.org/simple" }, marker = "(python_full_version >= '3.12' and extra == 'group-20-django-query-counter-django60') or (extra == 'group-20-django-query-counter-django60' and extra == 'group-20-django-query-counter-django61') or (extra == 'group-20-django-query-counter-django52' and extra == 'group-20-django-query-counter-django60') or (extra == 'group-20-django-query-counter-django52' and extra == 'group-20-django-query-counter-django61')" },
    { name = "django", version = "6.1.1", source = { registry = "https://pypi.org/simple" }, marker = "(python_full_version >= '3.12' and extra != 'group-20-django-query-counter-django52' and extra != 'group-20-django-query-counter-django60') or (extra == 'group-20-django-query-counter-django52' and extra == 'group-20-django-query-counter-django60') or (extra == 'group-20-django-query-counter-django52' and extra == 'group-20-django-query-counter-django61') or (extra == 'group-20-django-query-counter-django60' and extra == 'group-20-django-query-counter-django61')" },
    { name = "pytest" },
    { name = "pytest-django" },
    { name = "tabulate" },
]

[package.metadata]
requires-dist = [{ name = "tabulate" }]

[package.metadata.requires-dev]
dev = [
    { name = "django" },
    { name = "pytest" },
    { name = "pytest-django" },
    { name = "ruff" },
    { name = "tox" },
    { name = "tox-uv" },
]
django52 = [{ name = "django", specifier = ">=5.2,<6" }]
django60 = [{ name = "django", marker = "python_full_version >= '3.12'", specifier = ">=6,<6.1" }]
django61 = [{ name = "django", marker = "python_full_version >= '3.12'", specifier = ">=6.1,<6.2" }]
test = [
    { name = "django" },
    { name = "pytest", specifier = ">=7" },
    { name = "pytest-django" },
    { name = "tabulate" },
]

[[package]]
name = "filelock"
version = "4.0.9"
source = { registry = "https://pypi.org/simple" }
sdist = { url = "https://files.pythonhosted.org/packages/70/51/2bc9e529f154fad99b6cd0073e609291eb32fd23581b32362d33d164d316/filelock-4.0.9.tar.gz", hash = "sha256:635e7d67fa92654eed444e75e9ca18426d34e77ad9c469bf4373f75a932f7b22", size = 251200, upload-time = "2026-10-01T23:09:14.029Z" }
wheels = [
    { url = "https://files.pythonhosted.org/packages/01/4f/83454fafd628e1e7e1726d74e44fb2332be5969d04c6182ca1fecb6c580e/filelock-4.0.9-py3-none-any.whl", hash = "sha256:9287fd61b99a806e5202be29a83034c0808a1b9830e820537c2f5773981f7eeb", size = 110368, upload-time = "2026-10-01T23:09:12.391Z" },
]

[[package]]
name = "iniconfig"
version = "2.3.0"
source = { registry = "https://pypi.org/simple" }
sdist = { url = "https://files.pythonhosted.org/packages/72/34/14ca021ce8e5dfedc35312d08ba8bf51fdd999c576889fc2c24cb97f4f10/iniconfig-2.3.0.tar.gz", hash = "sha256:c76315c77db068650d49c5b56314774a7804df16fee4402c1f19d6d15d8c4730", size = 20503, upload-time = "2025-10-18T21:55:43.219Z" }
wheels = [
    { url = "https://files.pythonhosted.org/packages/cb/b1/3846dd7f199d53cb17f49cba7e651e9ce294d8497c8c150530ed11865bb8/iniconfig-2.3.0-py3-none-any.whl", hash = "sha256:f631c04d2c48c52b84d0d0549c99ff3859c98df65b3101406327ecc7d53fbf12", size = 7484, upload-time = "2025-10-18T21:55:41.639Z" },
]

[[package]]
name = "packaging"
version = "26.3"
source = { registry = "https://pypi.org/simple" }
sdist = { url = "https://files.pythonhosted.org/packages/7d/fa/3944b40b07da9ce895c0e6303a5ab7d53da063554f534556b134a54d6093/packaging-26.3.tar.gz", hash = "sha256:94edc256424af38762eb31306eed28beb9f0efc50a8837492c9d6fd6004aed79", size = 313412, upload-time = "2026-08-04T18:15:28.737Z" }
wheels = [
    { url = "https://files.pythonhosted.org/packages/63/34/ba1c580383c9eada3711951fef0795c80b829a078d72188184bcab9dd527/packaging-26.3-py3-none-any.whl", hash = "sha256:d7193f7c8e4e93f444fde0262bf90af30e16fa0ad0ad44cb553c87339b23cd1c", size = 129956, upload-time = "2026-08-04T18:15:27.159Z" },
]

[[package]]
name = "platformdirs"
version = "4.12.2"
source = { registry = "https://pypi.org/simple" }
sdist = { url = "https://files.pythonhosted.org/packages/17/c8/721b3855fe457da514fe249247d404b9b39c5d16532278f70ebaa6acf18b/platformdirs-4.12.2.tar.gz", hash = "sha256:eab5f70271a490ef74618bb314fbb86e3c7e82fa3b9c922c2ea0e0a1a155d329", size = 59353, upload-time = "2026-09-29T18:27:56.009Z" }
wheels = [
    { url = "https://files.pythonhosted.org/packages/d0/89/446044f33aba0348d35e433f56d12206d010a5281a1df54054d4cfb82388/platformdirs-4.12.2-py3-none-any.whl", hash = "sha256:29dbf06d96c500bc6bdbce75fb0a14d63279c93b1842f97e72a135b33e856983", size = 32457, upload-time = "2026-09-29T18:27:54.43Z" },
]

[[package]]
name = "pluggy"
version = "1.6.0"
source = { registry = "https://pypi.org/simple" }
sdist = { url = "https://files.pythonhosted.org/packages/f9/e2/3e91f31a7d2b083fe6ef3fa267035b518369d9511ffab804f839851d2779/pluggy-1.6.0.tar.gz", hash = "sha256:7dcc130b76258d33b90f61b658791dede3486c3e6bfb003ee5c9bfb396dd22f3", size = 69412, upload-time = "2025-05-15T12:30:07.975Z" }
wheels = [
    { url = "https://files.pythonhosted.org/packages/54/20/4d324d65cc6d9205fabedc306948156824eb9f0ee1633355a8f7ec5c66bf/pluggy-1.6.0-py3-none-any.whl", hash = "sha256:e920276dd6813095e9377c0bc5566d94c932c33b27a3e3945d8389c374dd4746", size = 20538, upload-time = "2025-05-15T12:30:06.134Z" },
]

[[package]]
name = "pygments"
version = "2.21.0"
source = { registry = "https://pypi.org/simple" }
sdist = { url = "https://files.pythonhosted.org/packages/49/2e/ced460408999b33da6b31b0021b0f37d329e202d4169aeb164493778f25b/pygments-2.21.0.tar.gz", hash = "sha256:610ca751c9bc2492b38eb9a38a7fbc93edbbb2d7182edaf34e66ae493dee5c8c", size = 5005329, upload-time = "2026-08-17T08:02:48.824Z" }
wheels = [
    { url = "https://files.pythonhosted.org/packages/71/46/17f022dd3e953bf20a04a028a21ec746d942f8d2af30fa0f124fa0e6a684/pygments-2.21.0-py3-none-any.whl", hash = "sha256:2363c69b61c4a97c838da3b130dcd6468f4848992b21a82f2a63ec34377137d9", size = 1250147, upload-time = "2026-08-17T08:02:44.912Z" },
]

[[package]]
name = "pyproject-api"
version = "1.11.2"
source = { registry = "https://pypi.org/simple" }
dependencies = [
    { name = "packaging" },
]
sdist = { url = "https://files.pythonhosted.org/packages/e1/2d/7b6837335aab9c00bcd18adde43c78948db6a2fe26dfa79a6bfcdefd3c5d/pyproject_api-1.11.2.tar.gz", hash = "sha256:7bff8690a101f5f0bac3221475d214018f196ae5eea3af9c9879f4d682a3fd60", size = 24445, upload-time = "2026-09-18T01:11:37.434Z" }
wheels = [
    { url = "https://files.pythonhosted.org/packages/d8/7e/234694c81ad7476fddb7bb3420c051fab33d09120a34e5d42ec1327c4a82/pyproject_api-1.11.2-py3-none-any.whl", hash = "sha256:69040bb421a3d502217bf9d5f92a94e65e1db3fe25b641d6064b2b5b9880428b", size = 13327, upload-time = "2026-09-18T01:11:36.228Z" },
]

[[package]]
name = "pytest"
version = "9.1.1"
source = { registry = "https://pypi.org/simple" }
dependencies = [
    { name = "colorama", marker = "sys_platform == 'win32' or (extra == 'group-20-django-query-counter-django52' and extra == 'group-20-django-query-counter-django60') or (extra == 'group-20-django-query-counter-django52' and extra == 'group-20-django-query-counter-django61') or (extra == 'group-20-django-query-counter-django60' and extra == 'group-20-django-query-counter-django61')" },
    { name = "iniconfig" },
    { name = "packaging" },
    { name = "pluggy" },
    { name = "pygments" },
]
sdist = { url = "https://files.pythonhosted.org/packages/e4/47/b9efed96c114afcfa3c9d3fe98a76a1d14c74a9e266d397cf6eb64be5e01/pytest-9.1.1.tar.gz", hash = "sha256:1088fbde8f2b49d95a549a195707afa7a76a3ce9bcadc26b6d71f0ffda5fe313", size = 1636369, upload-time = "2026-06-19T10:58:32.857Z" }
wheels = [
    { url = "https://files.pythonhosted.org/packages/24/25/1de2678b631f5a49215c6c96fff41ba892b0a34df68d6d80292b1b48aa7f/pytest-9.1.1-py3-none-any.whl", hash = "sha256:37a86b45efb9a47a61a36449063e8e18d0cab3161329fc099eb21783169c4f0c", size = 386536, upload-time = "2026-06-19T10:58:31.347Z" },
]

[[package]]
name = "pytest-django"
version = "4.14.0"
source = { registry = "https://pypi.org/simple" }
dependencies = [
    { name = "pytest" },
]
sdist = { url = "https://files.pythonhosted.org/packages/44/f6/3851312120c2bf2f19cafff931e75059aad1ba670703cd751e2fde9bc942/pytest_django-4.14.0.tar.gz", hash = "sha256:26787dd3f422cfbab8f55b80a776e2edea7a11092cb74e960bef1312515708ef", size = 94700, upload-time = "2026-08-10T14:13:08.319Z" }
wheels = [
    { url = "https://files.pythonhosted.org/packages/9c/03/850bffad2b581c440ca51c039d74504d5a422c94bda0bdb8a8ba5068d48b/pytest_django-4.14.0-py3-none-any.whl", hash = "sha256:c533b08d89cc675efcd5398eea270b34547e35f9a3608e2c9748dd88428ea187", size = 27067, upload-time = "2026-08-10T14:13:06.998Z" },
]

[[package]]
name = "python-discovery"
version = "1.6.1"
source = { registry = "https://pypi.org/simple" }
dependencies = [
    { name = "filelock" },
]
sdist = { url = "https://files.pythonhosted.org/packages/0c/57/250bd238b966cece44328235eb85290045d059265fdaf7527a3a958123db/python_discovery-1.6.1.tar.gz", hash = "sha256:cf87d3627dfb4412437fdd5b13eae402607722998d21567993aedbc59b23c15e", size = 84338, upload-time = "2026-09-18T01:31:53.971Z" }
wheels = [
    { url = "https://files.pythonhosted.org/packages/16/7d/e9ffbadfbf89c93848412d04594135c4ae8c1d37d9e053b9c3ed718fabc4/python_discovery-1.6.1-py3-none-any.whl", hash = "sha256:d43fcdef879fe795352bd13ccf8d185ba5a9f86f36cfcd00529f596e737442b3", size = 38664, upload-time = "2026-09-18T01:31:52.448Z" },
]

[[package]]
name = "ruff"
version = "0.16.10"
source = { registry = "https://pypi.org/simple" }
sdist = { url = "https://files.pythonhosted.org/packages/c4/49/23802c45f093eb14bde54b141d2b2f058edfa63a06db7beed047308cc08f/ruff-0.16.10.tar.gz", hash = "sha256:eff4728c4eaae93f0955cd264d24b2ab348e74bf59986ccf282ba6dc16b3b017", size = 4958724, upload-time = "2026-10-01T18:03:21.697Z" }
wheels = [
    { url = "https://files.pythonhosted.org/packages/2f/21/ebce22e1d90cdb2cd691026b9c6e9bec6499f0b396089481755b5d49efff/ruff-0.16.10-py3-none-linux_armv6l.whl", hash = "sha256:488b0fe3f3574210e5cf80d9f59b9e3ab17a127a8155de3f307b392589cfb511", size = 10095557, upload-time = "2026-10-01T18:02:36.072Z" },
    { url = "https://files.pythonhosted.org/packages/cb/98/a54de85876a8b2612bfa0d84c7b9abfb39c6a3354aee7800b09c1649b9e3/ruff-0.16.10-py3-none-macosx_10_12_x86_64.whl", hash = "sha256:e748ff95c934c4e978783b8e687bc174e7bd84e8ad24e3243e1ecfcda5e0282d", size = 10340577, upload-time = "2026-10-01T18:02:39.258Z" },
    { url = "https://files.pythonhosted.org/packages/9f/16/1a5a4a2657effe4806110f2b907313802f1367fcdbb29e8122766e407fab/ruff-0.16.10-py3-none-macosx_11_0_arm64.whl", hash = "sha256:3031a4a2e8e7b8a46f70be45f198c35a11ece509a94b80334d8d397a33c67550", size = 9774282, upload-time = "2026-10-01T18:02:41.79Z" },
    { url = "https://files.pythonhosted.org/packages/6e/fb/470085af734da396e68cd80fb0a3e7c109a459716ae59588c0f6fab8a17d/ruff-0.16.10-py3-none-manylinux_2_17_aarch64.manylinux2014_aarch64.whl", hash = "sha256:494401c86df4c4c25f69b9419605d944467ee98c42fb6ad405ef4fa40b8fb67d", size = 9920895, upload-time = "2026-10-01T18:02:44.458Z" },
    { url = "https://files.pythonhosted.org/packages/57/de/f10cffe4f88a37ea6615ec460f01bf76f0bc1477737a35d9ee61a630a78b/ruff-0.16.10-py3-none-manylinux_2_17_armv7l.manylinux2014_armv7l.whl", hash = "sha256:d203abc0ff2b773ee33d00ab8df0bb67046fbc7c07b119332f08b9b345cf8221", size = 9902707, upload-time = "2026-10-01T18:02:47.041Z" },
    { url = "https://files.pythonhosted.org/packages/ff/44/3fdcedf83ae60ef837dd239170e480dce606a9142cfa2db911afdf855fd9/ruff-0.16.10-py3-none-manylinux_2_17_i686.manylinux2014_i686.whl", hash = "sha256:bd83d1235a5258d318477bc5b576303974cbdef5df0c01a1bff14efcc23bd12a", size = 10619287, upload-time = "2026-10-01T18:02:49.485Z" },
    { url = "https://files.pythonhosted.org/packages/c1/62/02e76a5574002153618eafbb70e159468addc72a5d2c488e65cbb4639d2d/ruff-0.16.10-py3-none-manylinux_2_17_ppc64le.manylinux2014_ppc64le.whl", hash = "sha256:bc2610fb269fa56dd8a68669ae470fa6272902668c0fc2ebc3aa112b2633d5b8", size = 11339942, upload-time = "2026-10-01T18:02:52.008Z" },
    { url = "https://files.pythonhosted.org/packages/6b/c4/cde27d47ad8d4126c587e608c67c46e7feac11763f606d261a1bc8a489e6/ruff-0.16.10-py3-none-manylinux_2_17_s390x.manylinux2014_s390x.whl", hash = "sha256:3e70175e29cc94c26ea296c80e470180b744b7419026898e58f520c6ab32578e", size = 10934316, upload-time = "2026-10-01T18:02:54.811Z" },
    { url = "https://files.pythonhosted.org/packages/e4/03/17234145f302a645a123e8c3bb2411ecf4669fbc350de3b0d803230a1729/ruff-0.16.10-py3-none-manylinux_2_17_x86_64.manylinux2014_x86_64.whl", hash = "sha256:f33f43a864a8483eebd160e713336c8bab02c934feaff0a33cf5ccb41546d09a", size = 10387968, upload-time = "2026-10-01T18:02:57.497Z" },
    { url = "https://files.pythonhosted.org/packages/71/29/2493af60240ee7644b38a4b821f5f9c3b5a4fa3178770fe1d0c685217395/ruff-0.16.10-py3-none-manylinux_2_31_riscv64.whl", hash = "sha256:1dfc6f0088149fb6a362c1c446bcbb3fd2157b3852fe2fa68409276eab9ad9b3", size = 10537906, upload-time = "2026-10-01T18:03:00.006Z" },
    { url = "https://files.pythonhosted.org/packages/2e/9a/f56b28f3b143bb9e518c34fb89ab191b626bca8b70dbf8af0d2e2d473572/ruff-0.16.10-py3-none-musllinux_1_2_aarch64.whl", hash = "sha256:6553498afc35f580f036030795810b9e6bcea31604b0fd9e8d352795473042e3", size = 10012938, upload-time = "2026-10-01T18:03:03.006Z" },
    { url = "https://files.pythonhosted.org/packages/c2/c4/fca37362848ea4d4d80712df13632e645e7c7cfb1bdedf140699ac7a090b/ruff-0.16.10-py3-none-musllinux_1_2_armv7l.whl", hash = "sha256:a3b8471dea115d37f123882be852bed13403746d3a76c11de4a19ec5f9ff5a03", size = 9897945, upload-time = "2026-10-01T18:03:05.818Z" },
    { url = "https://files.pythonhosted.org/packages/7d/c7/e0bc57664d6e0c61fd22f620af260fe9662d7e1ddb320ea7f160e76ef165/ruff-0.16.10-py3-none-musllinux_1_2_i686.whl", hash = "sha256:92e59a70bcbd9d3a5483656da906ec28edfdacfce00afd99edb8b4e9d15644be", size = 10333134, upload-time = "2026-10-01T18:03:08.25Z" },
    { url = "https://files.pythonhosted.org/packages/21/aa/5c9f3b68737c0e4a33a1db5dfab44f7b786d96ca91a7233112ddab1e6dc2/ruff-0.16.10-py3-none-musllinux_1_2_x86_64.whl", hash = "sha256:7ae7375f803b5520dc9f546bed7e3a0acb70b91812e9bb4b19927de22f25b77d", size = 10741702, upload-time = "2026-10-01T18:03:10.775Z" },
    { url = "https://files.pythonhosted.org/packages/78/fa/0f9c2020dc316c53d983be011720b8157cc052b97e3f4dfa7db6d0f880a6/ruff-0.16.10-py3-none-win32.whl", hash = "sha256:2a12e01cb9156c10c466f63b46eaae5ecea28dfbd21b5836353ae498e7d1349a", size = 10139176, upload-time = "2026-10-01T18:03:13.267Z" },
    { url = "https://files.pythonhosted.org/packages/99/29/cfb0df9448d4d4ad48c2de029ada9ebd71baa6da983a6c77ee6c6cd0fe82/ruff-0.16.10-py3-none-win_amd64.whl", hash = "sha256:97f2015c92aa97105b0eab19eb5d224884399281cfc5da86a92db4ab5e7fb2ca", size = 10584734, upload-time = "2026-10-01T18:03:16.006Z" },
    { url = "https://files.pythonhosted.org/packages/fc/05/c16957eb287c3fc062e032619a25868d93d408a844b725bcf514f7a378ff/ruff-0.16.10-py3-none-win_arm64.whl", hash = "sha256:25a65fe998c4e6861ec079ada5826a2fc605e6cbccbe9dcd7fac1f54e791621b", size = 10366440, upload-time = "2026-10-01T18:03:19.04Z" },
]

[[package]]
name = "sqlparse"
version = "0.6.0"
source = { registry = "https://pypi.org/simple" }
sdist = { url = "https://files.pythonhosted.org/packages/5f/d3/3f06a1006f2261d1342aefb3c71eed02f5d4ca5bdbecd86ebc12ad38306e/sqlparse-0.6.0.tar.gz", hash = "sha256:113c35c75365ab9cc9c7231d68c6428fb11c085fc8e9eb1ad659b7ddbf6cd2b9", size = 178477, upload-time = "2026-08-13T19:16:06.396Z" }
wheels = [
    { url = "https://files.pythonhosted.org/packages/d9/50/f00935da0ec7cbf325f8dc4f772ae46fbc7b672dd62876e73f0a94adda57/sqlparse-0.6.0-py3-none-any.whl", hash = "sha256:b861c0288ce2fa56209a9a6412d2e066ac664b3873b89c26c9d8415e8e32996f", size = 50070, upload-time = "2026-08-13T19:16:04.062Z" },
]

[[package]]
name = "tabulate"
version = "0.10.0"
source = { registry = "https://pypi.org/simple" }
sdist = { url = "https://files.pythonhosted.org/packages/46/58/8c37dea7bbf769b20d58e7ace7e5edfe65b849442b00ffcdd56be88697c6/tabulate-0.10.0.tar.gz", hash = "sha256:e2cfde8f79420f6deeffdeda9aaec3b6bc5abce947655d17ac662b126e48a60d", size = 91754, upload-time = "2026-03-04T18:55:34.402Z" }
wheels = [
    { url = "https://files.pythonhosted.org/packages/99/55/db07de81b5c630da5cbf5c7df646580ca26dfaefa593667fc6f2fe016d2e/tabulate-0.10.0-py3-none-any.whl", hash = "sha256:f0b0622e567335c8fabaaa659f1b33bcb6ddfe2e496071b743aa113f8774f2d3", size = 39814, upload-time = "2026-03-04T18:55:31.284Z" },
]

[[package]]
name = "tomli-w"
version = "1.2.0"
source = { registry = "https://pypi.org/simple" }
sdist = { url = "https://files.pythonhosted.org/packages/19/75/241269d1da26b624c0d5e110e8149093c759b7a286138f4efd61a60e75fe/tomli_w-1.2.0.tar.gz", hash = "sha256:2dd14fac5a47c27be9cd4c976af5a12d87fb1f0b4512f81d69cce3b35ae25021", size = 7184, upload-time = "2025-01-15T12:07:24.262Z" }
wheels = [
    { url = "https://files.pythonhosted.org/packages/c7/18/c86eb8e0202e32dd3df50d43d7ff9854f8e0603945ff398974c1d91ac1ef/tomli_w-1.2.0-py3-none-any.whl", hash = "sha256:188306098d013b691fcadc011abd66727d3c414c571bb01b1a174ba8c983cf90", size = 6675, upload-time = "2025-01-15T12:07:22.074Z" },
]

[[package]]
name = "tox"
version = "4.64.7"
source = { registry = "https://pypi.org/simple" }
dependencies = [
    { name = "cachetools" },
    { name = "colorama" },
    { name = "filelock" },
    { name = "packaging" },
    { name = "platformdirs" },
    { name = "pluggy" },
    { name = "pyproject-api" },
    { name = "python-discovery" },
    { name = "tomli-w" },
    { name = "typing-extensions", marker = "python_full_version < '3.13' or (extra == 'group-20-django-query-counter-django52' and extra == 'group-20-django-query-counter-django60') or (extra == 'group-20-django-query-counter-django52' and extra == 'group-20-django-query-counter-django61') or (extra == 'group-20-django-query-counter-django60' and extra == 'group-20-django-query-counter-django61')" },
    { name = "virtualenv" },
]
sdist = { url = "https://files.pythonhosted.org/packages/7c/bd/d7467b015457cf8bd912154c3b0247b30739751498577606b574d389aefd/tox-4.64.7.tar.gz", hash = "sha256:b8033a00945a02493adebdc337e4e45136e21a7083c00b2ae27c998370b72af3", size = 321984, upload-time = "2026-10-01T23:14:16.834Z" }
wheels = [
    { url = "https://files.pythonhosted.org/packages/57/fc/6f88af41caa95e696d87d7dd777ad1e6d96013e23275ef840e5aff0af483/tox-4.64.7-py3-none-any.whl", hash = "sha256:4e7a906f26b72fa9bf11577d02bde492c6d0ad8e690921a801893354d05d35fe", size = 234079, upload-time = "2026-10-01T23:14:15.21Z" },
]

[[package]]
name = "tox-uv"
version = "1.36.1"
source = { registry = "https://pypi.org/simple" }
dependencies = [
    { name = "tox-uv-bare" },
    { name = "uv" },
]
wheels = [
    { url = "https://files.pythonhosted.org/packages/19/ef/06e0f151d1ebb544bcf27bf8a6914bdc7d9434689278c669efb3c73a8ed5/tox_uv-1.36.1-py3-none-any.whl", hash = "sha256:6996cb49d0b6b838ae015b76611770595cb6f658a27e2a9661766148194c18bd", size = 6567, upload-time = "2026-10-01T23:51:58.511Z" },
]

[[package]]
name = "tox-uv-bare"
version = "1.36.1"
source = { registry = "https://pypi.org/simple" }
dependencies = [
    { name = "packaging" },
    { name = "tox" },
]
sdist = { url = "https://files.pythonhosted.org/packages/42/c1/1f5b4ff553013dfd418485cb9359cf305e7f47b946e02a36f4a4c279ac21/tox_uv_bare-1.36.1.tar.gz", hash = "sha256:33a08e4205c63811dd76590590718539fe87dcadda5882f164f747bd5db31a2c", size = 32648, upload-time = "2026-10-01T23:52:01.302Z" }
wheels = [
    { url = "https://files.pythonhosted.org/packages/04/64/ed9b351f7ce794df36923fcde243e90cef07f103ea0c24ae4557e9736b7e/tox_uv_bare-1.36.1-py3-none-any.whl", hash = "sha256:de41cf5450b8f37837fd68834dfebef59939cd10fde030e498cd9a48db19f1e8", size = 22469, upload-time = "2026-10-01T23:51:59.906Z" },
]

[[package]]
name = "typing-extensions"
version = "4.16.0"
source = { registry = "https://pypi.org/simple" }
sdist = { url = "https://files.pythonhosted.org/packages/f6/cc/6253133b5bb138fc3306cebfbda2c520f545d36b5be2c7255cc528bb45d6/typing_extensions-4.16.0.tar.gz", hash = "sha256:dc983d19a509c94dba722ee6abd33940f7c05a89e243c47e907eb4db6f1a43e5", size = 113555, upload-time = "2026-07-02T08:40:05.92Z" }
wheels = [
    { url = "https://files.pythonhosted.org/packages/49/d3/b8441a820a491ddfc024b0b0cf0393375b75ea13866d9c66727e54c2fc80/typing_extensions-4.16.0-py3-none-any.whl", hash = "sha256:481caa481374e813c1b176ada14e97f1f67a4539ce9cfeb3f350d78d6370c2e8", size = 45571, upload-time = "2026-07-02T08:40:04.659Z" },
]

[[package]]
name = "tzdata"
version = "2026.4"
source = { registry = "https://pypi.org/simple" }
sdist = { url = "https://files.pythonhosted.org/packages/e4/31/3d74fa778a63b98b7374323befcc0be5ab3bd94afd4096a0124e7379152c/tzdata-2026.4.tar.gz", hash = "sha256:f1b8bd365d8d210c55353f4d7f8d6d8561c0ba50d704b700d195a9424bba0d79", size = 199350, upload-time = "2026-09-12T12:56:03.251Z" }
wheels = [
    { url = "https://files.pythonhosted.org/packages/f9/bc/8737e8d54cf51106118039b83f485a4783112fab49ea9d044b234978a46e/tzdata-2026.4-py2.py3-none-any.whl", hash = "sha256:c2169a8b0a7a5e9674da5a135ccdfb2b3e671b333ed9fed17b41f73c34476e81", size = 347494, upload-time = "2026-09-12T12:56:01.67Z" },
]

[[package]]
name = "uv"
version = "0.12.22"
source = { registry = "https://pypi.org/simple" }
sdist = { url = "https://files.pythonhosted.org/packages/88/60/22b731e4b3e6bfb7ea41fc7c0ace0acd740f92d4aaec5106bce1486dab3c/uv-0.12.22.tar.gz", hash = "sha256:40f6afd2a67d7ad0c58d7a05e9c0a58a30d333e924e3b9e9941af19bd044326a", size = 7169620, upload-time = "2026-10-02T00:17:28.742Z" }
wheels = [
    { url = "https://files.pythonhosted.org/packages/ed/3d/f5f00c69b70a01631a40f5fd76539da5db6bcf5a367e34badfa094bf77a9/uv-0.12.22-py3-none-linux_armv6l.whl", hash = "sha256:3e1e70abbeeb85ad6589e9b8c2cee2785782a26ec220705b60ac8d3d802deb83", size = 22741688, upload-time = "2026-10-02T00:16:32.58Z" },
    { url = "https://files.pythonhosted.org/packages/4e/91/e1a20a1ed3aacbaae212cf827d05197dd65f8119f29fcddc8df167a9c98a/uv-0.12.22-py3-none-macosx_10_12_x86_64.whl", hash = "sha256:0247b8795348fe16fec7d143b2e4d91a953e69644993a557bb5238b9f53b6a28", size = 21435736, upload-time = "2026-10-02T00:16:35.646Z" },
    { url = "https://files.pythonhosted.org/packages/1d/89/f147b5070d243f4fa5502c82ba9ec0194fa2bc01ebe3d61445e3710cb33d/uv-0.12.22-py3-none-macosx_11_0_arm64.whl", hash = "sha256:72516e1edef5950b556bdaf3b382f537e4249e06362378daa811a6eefc165a14", size = 17131195, upload-time = "2026-10-02T00:16:38.412Z" },
    { url = "https://files.pythonhosted.org/packages/d0/ba/2d03d27e791f822cc6889b5d71cb6223136aaa6e3897ef01d923294148b2/uv-0.12.22-py3-none-manylinux_2_17_aarch64.manylinux2014_aarch64.musllinux_1_1_aarch64.whl", hash = "sha256:972cb556d34372f4c19f5c8bba246c92c5a8bfda3f30b2a5b8e12fddd81ba441", size = 22169247, upload-time = "2026-10-02T00:16:42.005Z" },
    { url = "https://files.pythonhosted.org/packages/cc/d3/89379a7d9c9d57bcf36441a6e9b43a147e96ed62f3f5b7cb95ee2185d920/uv-0.12.22-py3-none-manylinux_2_17_armv7l.manylinux2014_armv7l.musllinux_1_1_armv7l.whl", hash = "sha256:0621be2adfedf7673e46a708b1c781b0e4c61e715e33b3196ad32afffcc5aef6", size = 22238450, upload-time = "2026-10-02T00:16:45.262Z" },
    { url = "https://files.pythonhosted.org/packages/76/00/c491f1f156d269d80a1bb64e2957d21f1bd7f6df9b6502cfd2f36b883ece/uv-0.12.22-py3-none-manylinux_2_17_armv7l.manylinux2014_armv7l.whl", hash = "sha256:53992ea1a64344bc887e3aec8d016488b9f185d96d881ea8e4e2a8ab0a259a39", size = 22269643, upload-time = "2026-10-02T00:16:48.149Z" },
    { url = "https://files.pythonhosted.org/packages/ee/ae/90c45c04ca92fc7e6b88ab1e0667d1fc88d437dd8f087bdc7638962c1ee3/uv-0.12.22-py3-none-manylinux_2_17_i686.manylinux2014_i686.whl", hash = "sha256:82911ca7a8310181f382a8f614f00a45f0403561e2aa92aa135c1fa773b0fc44", size = 23118309, upload-time = "2026-10-02T00:16:51.32Z" },
    { url = "https://files.pythonhosted.org/packages/04/04/3761882501777af81d6d7fc218e84785d94b0db41a0c83c78a4cddb279df/uv-0.12.22-py3-none-manylinux_2_17_ppc64le.manylinux2014_ppc64le.whl", hash = "sha256:db53a974617ca520cfdbf95fbbcd9cf5ab95016d601c1ecf788295c01053b8d6", size = 24339615, upload-time = "2026-10-02T00:16:54.459Z" },
    { url = "https://files.pythonhosted.org/packages/33/81/af3739dec358559a6ebbb6332dd560f0dc09e21a49f6cce62b7d730725bf/uv-0.12.22-py3-none-manylinux_2_17_s390x.manylinux2014_s390x.whl", hash = "sha256:6acf7c5e4c28075c074a104953d61f48fef05e0075d9eb4180e5e6430e4eacfa", size = 23999149, upload-time = "2026-10-02T00:16:57.84Z" },
    { url = "https://files.pythonhosted.org/packages/7a/b0/4cceeef80da0e8627bf3afb628930d5ea8e857f9c2aacbcda8598a5b82aa/uv-0.12.22-py3-none-manylinux_2_17_x86_64.manylinux2014_x86_64.whl", hash = "sha256:680769ef701922dd93426b73476073411941f51ac46991a6e5c5a6efbf68a713", size = 20587257, upload-time = "2026-10-02T00:17:00.91Z" },
    { url = "https://files.pythonhosted.org/packages/a6/0a/10b6bd5f98c243fe46df223186e4ced966c8c837fc2947da1b0464b959b0/uv-0.12.22-py3-none-manylinux_2_28_aarch64.whl", hash = "sha256:04af20f84c122039c16a006b497ea25d4850543b3ac2bd879d96d36d9890bebc", size = 19826142, upload-time = "2026-10-02T00:17:03.93Z" },
    { url = "https://files.pythonhosted.org/packages/69/7f/9a6b82e0471582e8ffb7419c055d7cf6f12923c8d77898bce829e7d60075/uv-0.12.22-py3-none-manylinux_2_31_riscv64.musllinux_1_1_riscv64.whl", hash = "sha256:699c673c780037e19a623dd66d00c12853def679b5c8f383359012d582721870", size = 22685136, upload-time = "2026-10-02T00:17:07.207Z" },
    { url = "https://files.pythonhosted.org/packages/18/ab/72e99db52090241395349d59bb750b04505b9b5221a8617b054db7640bd8/uv-0.12.22-py3-none-manylinux_2_31_riscv64.whl", hash = "sha256:02774878a9c0ddc374ff1cdb7fc2dee5cd499307223c2d2f0a730274b5794546", size = 22814440, upload-time = "2026-10-02T00:17:10.372Z" },
    { url = "https://files.pythonhosted.org/packages/06/13/58b59a35c7d175fe8bd24c564710623331bedc5d750942155d4d1ea749dc/uv-0.12.22-py3-none-musllinux_1_1_i686.whl", hash = "sha256:cbfc9dab909f0e7fec63ae13e4215abd53636a5424aabc988fd4974ea124a3ad", size = 22231599, upload-time = "2026-10-02T00:17:13.564Z" },
    { url = "https://files.pythonhosted.org/packages/fc/78/d690e99b010464713adebd5df6b4f3332a46f0eb204631ba911b9f765da9/uv-0.12.22-py3-none-musllinux_1_1_x86_64.whl", hash = "sha256:31096da4ffd7d532909e046cf8acb606ad8e770019404b710a58310bec073119", size = 23480001, upload-time = "2026-10-02T00:17:16.719Z" },
    { url = "https://files.pythonhosted.org/packages/97/7b/191c13864e22cefaa668d2064f574c8c97c0e9669488d60ef308aa0b9e74/uv-0.12.22-py3-none-win32.whl", hash = "sha256:992956578af9ec09d9c9d8967527dcf43e07b43dea8aecba74a20d37087feeb2", size = 20089438, upload-time = "2026-10-02T00:17:19.84Z" },
    { url = "https://files.pythonhosted.org/packages/c0/a4/2cc0b670ac86d2cce4758126f06cc44a821a7d289e1cc73bbb485d77f135/uv-0.12.22-py3-none-win_amd64.whl", hash = "sha256:1c45b1e544901b9eef14806ad964cd1aca49338748e3d8030e41c4aed8b17b00", size = 18114353, upload-time = "2026-10-02T00:17:23.278Z" },
    { url = "https://files.pythonhosted.org/packages/d6/4b/55d7310bff10a2c92c619d610e1c4c26a44bc47b633e54aef8f7b95b3332/uv-0.12.22-py3-none-win_arm64.whl", hash = "sha256:daff5ceafdee5cb268b6d4e991ea150fcad5dff72b97d3e5b84d78d04fcf8482", size = 19172683, upload-time = "2026-10-02T00:17:26.219Z" },
]

[[package]]
name = "virtualenv"
version = "21.14.3"
source = { registry = "https://pypi.org/simple" }
dependencies = [
    { name = "distlib" },
    { name = "filelock" },
    { name = "packaging" },
    { name = "platformdirs" },
    { name = "python-discovery" },
]
sdist = { url = "https://files.pythonhosted.org/packages/01/59/5ebdaa984350ae7ef1dc14b4d0bd618f6e0d3fb13e7b336939433eebf37b/virtualenv-21.14.3.tar.gz", hash = "sha256:cb5cd3a87f12a6cfdc0cef6bc8bead6138221767f7718e0c00fee5fb907f9858", size = 5464634, upload-time = "2026-10-01T22:55:31.895Z" }
wheels = [
    { url = "https://files.pythonhosted.org/packages/5c/dc/33782ebe90eb4e582295642c5c13e874b5a8c9c75d482988c54f1c21a5d4/virtualenv-21.14.3-py3-none-any.whl", hash = "sha256:4acc848a57a3bdb2ae0873d0689664bccad2230784de3753f57128eb126d3934", size = 5487108, upload-time = "2026-10-01T22:55:29.913Z" },
]
